
Microsoft Visual Studio Solution File, Format Version 12.00
# Visual Studio Version 16
VisualStudioVersion = 16.0.31605.320
MinimumVisualStudioVersion = 10.0.40219.1
Project("{FAE04EC0-301F-11D3-BF4B-00C04F79EFBC}") = "reverse", "reverse\reverse.csproj", "{FE2712BD-EC85-43B9-9FE5-2E29A999734B}"
EndProject
Global
	GlobalSection(SolutionConfigurationPlatforms) = preSolution
		Debug|Any CPU = Debug|Any CPU
		Release|Any CPU = Release|Any CPU
	EndGlobalSection
	GlobalSection(ProjectConfigurationPlatforms) = postSolution
		{FE2712BD-EC85-43B9-9FE5-2E29A999734B}.Debug|Any CPU.ActiveCfg = Debug|Any CPU
		{FE2712BD-EC85-43B9-9FE5-2E29A999734B}.Debug|Any CPU.Build.0 = Debug|Any CPU
		{FE2712BD-EC85-43B9-9FE5-2E29A999734B}.Release|Any CPU.ActiveCfg = Release|Any CPU
		{FE2712BD-EC85-43B9-9FE5-2E29A999734B}.Release|Any CPU.Build.0 = Release|Any CPU
	EndGlobalSection
	GlobalSection(SolutionProperties) = preSolution
		HideSolutionNode = FALSE
	EndGlobalSection
	GlobalSection(ExtensibilityGlobals) = postSolution
		SolutionGuid = {FFB95FF9-8310-46C1-BDF4-38A3A4FF37F8}
	EndGlobalSection
EndGlobal
