
Microsoft Visual Studio Solution File, Format Version 12.00
# Visual Studio Version 16
VisualStudioVersion = 16.0.31911.196
MinimumVisualStudioVersion = 10.0.40219.1
Project("{FAE04EC0-301F-11D3-BF4B-00C04F79EFBC}") = "AtmSystem", "AtmSystem\AtmSystem.csproj", "{335C9394-2C6A-47F7-92F2-F4060272118C}"
EndProject
Global
	GlobalSection(SolutionConfigurationPlatforms) = preSolution
		Debug|Any CPU = Debug|Any CPU
		Release|Any CPU = Release|Any CPU
	EndGlobalSection
	GlobalSection(ProjectConfigurationPlatforms) = postSolution
		{335C9394-2C6A-47F7-92F2-F4060272118C}.Debug|Any CPU.ActiveCfg = Debug|Any CPU
		{335C9394-2C6A-47F7-92F2-F4060272118C}.Debug|Any CPU.Build.0 = Debug|Any CPU
		{335C9394-2C6A-47F7-92F2-F4060272118C}.Release|Any CPU.ActiveCfg = Release|Any CPU
		{335C9394-2C6A-47F7-92F2-F4060272118C}.Release|Any CPU.Build.0 = Release|Any CPU
	EndGlobalSection
	GlobalSection(SolutionProperties) = preSolution
		HideSolutionNode = FALSE
	EndGlobalSection
	GlobalSection(ExtensibilityGlobals) = postSolution
		SolutionGuid = {82ACE6D4-612B-4C4E-9309-F947179C6D51}
	EndGlobalSection
EndGlobal
